
Microsoft Visual Studio Solution File, Format Version 12.00
# Visual Studio Version 17
VisualStudioVersion = 17.0.31903.59
MinimumVisualStudioVersion = 10.0.40219.1
Project("{FAE04EC0-301F-11D3-BF4B-00C04F79EFBC}") = "advent_1", "advent_1\advent_1.csproj", "{02AE20D1-ADFB-459B-AA7D-5DD098F6BBD7}"
EndProject
Project("{FAE04EC0-301F-11D3-BF4B-00C04F79EFBC}") = "advent_2", "advent_2\advent_2.csproj", "{ABE2FD79-2B96-421C-9ABB-C4F8E2D0985F}"
EndProject
Project("{FAE04EC0-301F-11D3-BF4B-00C04F79EFBC}") = "advent_1_2", "advent_1_2\advent_1_2.csproj", "{B71C5166-9018-467B-8B6B-CCE6C26B70CB}"
EndProject
Project("{FAE04EC0-301F-11D3-BF4B-00C04F79EFBC}") = "advent_3", "advent_3\advent_3.csproj", "{FEBF877B-380E-40AF-9642-257558FB25CE}"
EndProject
Project("{FAE04EC0-301F-11D3-BF4B-00C04F79EFBC}") = "advent_4", "advent_4\advent_4.csproj", "{D5DABD13-954C-4734-B551-40E1911F83D2}"
EndProject
Project("{FAE04EC0-301F-11D3-BF4B-00C04F79EFBC}") = "advent_4_2", "advent_4_2\advent_4_2.csproj", "{87F333B1-7282-4444-8FB3-4C128129D784}"
EndProject
Project("{FAE04EC0-301F-11D3-BF4B-00C04F79EFBC}") = "advent_5", "advent_5\advent_5.csproj", "{6C99A488-B28B-42CC-8A64-3975B6427F19}"
EndProject
Project("{FAE04EC0-301F-11D3-BF4B-00C04F79EFBC}") = "advent_6", "advent_6\advent_6.csproj", "{D632ADA2-72F4-46B5-9A5A-177E25FEDD04}"
EndProject
Project("{FAE04EC0-301F-11D3-BF4B-00C04F79EFBC}") = "advent_3_2", "advent_3_2\advent_3_2.csproj", "{88645770-9CD1-4FB0-B3AF-3DBAFBEC33B1}"
EndProject
Project("{FAE04EC0-301F-11D3-BF4B-00C04F79EFBC}") = "advent_7", "advent_7\advent_7.csproj", "{91AB62B7-0AC4-4D9B-B61C-F03030437579}"
EndProject
Project("{FAE04EC0-301F-11D3-BF4B-00C04F79EFBC}") = "advent_7_2", "advent_7_2\advent_7_2.csproj", "{2670BFC1-F876-4951-903C-99F951740045}"
EndProject
Project("{FAE04EC0-301F-11D3-BF4B-00C04F79EFBC}") = "advent_8", "advent_8\advent_8.csproj", "{F9DBAED1-7A15-4EF6-841C-B7C3187D7282}"
EndProject
Project("{FAE04EC0-301F-11D3-BF4B-00C04F79EFBC}") = "advent_8_2", "advent_8_2\advent_8_2.csproj", "{F7E79263-63D7-4713-902D-1E9A9DAAEADF}"
EndProject
Project("{FAE04EC0-301F-11D3-BF4B-00C04F79EFBC}") = "advent_9", "advent_9\advent_9.csproj", "{21A308E7-129A-4C16-96A1-C79013C78824}"
EndProject
Project("{FAE04EC0-301F-11D3-BF4B-00C04F79EFBC}") = "advent_10", "advent_10\advent_10.csproj", "{699A75D9-B94C-4B6B-886D-2D167CA20B6A}"
EndProject
Project("{FAE04EC0-301F-11D3-BF4B-00C04F79EFBC}") = "advent_14", "advent_14\advent_14.csproj", "{358C3FAF-A80D-439E-A04F-00B710E62A0B}"
EndProject
Global
	GlobalSection(SolutionConfigurationPlatforms) = preSolution
		Debug|Any CPU = Debug|Any CPU
		Release|Any CPU = Release|Any CPU
	EndGlobalSection
	GlobalSection(SolutionProperties) = preSolution
		HideSolutionNode = FALSE
	EndGlobalSection
	GlobalSection(ProjectConfigurationPlatforms) = postSolution
		{02AE20D1-ADFB-459B-AA7D-5DD098F6BBD7}.Debug|Any CPU.ActiveCfg = Debug|Any CPU
		{02AE20D1-ADFB-459B-AA7D-5DD098F6BBD7}.Debug|Any CPU.Build.0 = Debug|Any CPU
		{02AE20D1-ADFB-459B-AA7D-5DD098F6BBD7}.Release|Any CPU.ActiveCfg = Release|Any CPU
		{02AE20D1-ADFB-459B-AA7D-5DD098F6BBD7}.Release|Any CPU.Build.0 = Release|Any CPU
		{ABE2FD79-2B96-421C-9ABB-C4F8E2D0985F}.Debug|Any CPU.ActiveCfg = Debug|Any CPU
		{ABE2FD79-2B96-421C-9ABB-C4F8E2D0985F}.Debug|Any CPU.Build.0 = Debug|Any CPU
		{ABE2FD79-2B96-421C-9ABB-C4F8E2D0985F}.Release|Any CPU.ActiveCfg = Release|Any CPU
		{ABE2FD79-2B96-421C-9ABB-C4F8E2D0985F}.Release|Any CPU.Build.0 = Release|Any CPU
		{B71C5166-9018-467B-8B6B-CCE6C26B70CB}.Debug|Any CPU.ActiveCfg = Debug|Any CPU
		{B71C5166-9018-467B-8B6B-CCE6C26B70CB}.Debug|Any CPU.Build.0 = Debug|Any CPU
		{B71C5166-9018-467B-8B6B-CCE6C26B70CB}.Release|Any CPU.ActiveCfg = Release|Any CPU
		{B71C5166-9018-467B-8B6B-CCE6C26B70CB}.Release|Any CPU.Build.0 = Release|Any CPU
		{FEBF877B-380E-40AF-9642-257558FB25CE}.Debug|Any CPU.ActiveCfg = Debug|Any CPU
		{FEBF877B-380E-40AF-9642-257558FB25CE}.Debug|Any CPU.Build.0 = Debug|Any CPU
		{FEBF877B-380E-40AF-9642-257558FB25CE}.Release|Any CPU.ActiveCfg = Release|Any CPU
		{FEBF877B-380E-40AF-9642-257558FB25CE}.Release|Any CPU.Build.0 = Release|Any CPU
		{D5DABD13-954C-4734-B551-40E1911F83D2}.Debug|Any CPU.ActiveCfg = Debug|Any CPU
		{D5DABD13-954C-4734-B551-40E1911F83D2}.Debug|Any CPU.Build.0 = Debug|Any CPU
		{D5DABD13-954C-4734-B551-40E1911F83D2}.Release|Any CPU.ActiveCfg = Release|Any CPU
		{D5DABD13-954C-4734-B551-40E1911F83D2}.Release|Any CPU.Build.0 = Release|Any CPU
		{87F333B1-7282-4444-8FB3-4C128129D784}.Debug|Any CPU.ActiveCfg = Debug|Any CPU
		{87F333B1-7282-4444-8FB3-4C128129D784}.Debug|Any CPU.Build.0 = Debug|Any CPU
		{87F333B1-7282-4444-8FB3-4C128129D784}.Release|Any CPU.ActiveCfg = Release|Any CPU
		{87F333B1-7282-4444-8FB3-4C128129D784}.Release|Any CPU.Build.0 = Release|Any CPU
		{6C99A488-B28B-42CC-8A64-3975B6427F19}.Debug|Any CPU.ActiveCfg = Debug|Any CPU
		{6C99A488-B28B-42CC-8A64-3975B6427F19}.Debug|Any CPU.Build.0 = Debug|Any CPU
		{6C99A488-B28B-42CC-8A64-3975B6427F19}.Release|Any CPU.ActiveCfg = Release|Any CPU
		{6C99A488-B28B-42CC-8A64-3975B6427F19}.Release|Any CPU.Build.0 = Release|Any CPU
		{D632ADA2-72F4-46B5-9A5A-177E25FEDD04}.Debug|Any CPU.ActiveCfg = Debug|Any CPU
		{D632ADA2-72F4-46B5-9A5A-177E25FEDD04}.Debug|Any CPU.Build.0 = Debug|Any CPU
		{D632ADA2-72F4-46B5-9A5A-177E25FEDD04}.Release|Any CPU.ActiveCfg = Release|Any CPU
		{D632ADA2-72F4-46B5-9A5A-177E25FEDD04}.Release|Any CPU.Build.0 = Release|Any CPU
		{88645770-9CD1-4FB0-B3AF-3DBAFBEC33B1}.Debug|Any CPU.ActiveCfg = Debug|Any CPU
		{88645770-9CD1-4FB0-B3AF-3DBAFBEC33B1}.Debug|Any CPU.Build.0 = Debug|Any CPU
		{88645770-9CD1-4FB0-B3AF-3DBAFBEC33B1}.Release|Any CPU.ActiveCfg = Release|Any CPU
		{88645770-9CD1-4FB0-B3AF-3DBAFBEC33B1}.Release|Any CPU.Build.0 = Release|Any CPU
		{91AB62B7-0AC4-4D9B-B61C-F03030437579}.Debug|Any CPU.ActiveCfg = Debug|Any CPU
		{91AB62B7-0AC4-4D9B-B61C-F03030437579}.Debug|Any CPU.Build.0 = Debug|Any CPU
		{91AB62B7-0AC4-4D9B-B61C-F03030437579}.Release|Any CPU.ActiveCfg = Release|Any CPU
		{91AB62B7-0AC4-4D9B-B61C-F03030437579}.Release|Any CPU.Build.0 = Release|Any CPU
		{2670BFC1-F876-4951-903C-99F951740045}.Debug|Any CPU.ActiveCfg = Debug|Any CPU
		{2670BFC1-F876-4951-903C-99F951740045}.Debug|Any CPU.Build.0 = Debug|Any CPU
		{2670BFC1-F876-4951-903C-99F951740045}.Release|Any CPU.ActiveCfg = Release|Any CPU
		{2670BFC1-F876-4951-903C-99F951740045}.Release|Any CPU.Build.0 = Release|Any CPU
		{F9DBAED1-7A15-4EF6-841C-B7C3187D7282}.Debug|Any CPU.ActiveCfg = Debug|Any CPU
		{F9DBAED1-7A15-4EF6-841C-B7C3187D7282}.Debug|Any CPU.Build.0 = Debug|Any CPU
		{F9DBAED1-7A15-4EF6-841C-B7C3187D7282}.Release|Any CPU.ActiveCfg = Release|Any CPU
		{F9DBAED1-7A15-4EF6-841C-B7C3187D7282}.Release|Any CPU.Build.0 = Release|Any CPU
		{F7E79263-63D7-4713-902D-1E9A9DAAEADF}.Debug|Any CPU.ActiveCfg = Debug|Any CPU
		{F7E79263-63D7-4713-902D-1E9A9DAAEADF}.Debug|Any CPU.Build.0 = Debug|Any CPU
		{F7E79263-63D7-4713-902D-1E9A9DAAEADF}.Release|Any CPU.ActiveCfg = Release|Any CPU
		{F7E79263-63D7-4713-902D-1E9A9DAAEADF}.Release|Any CPU.Build.0 = Release|Any CPU
		{21A308E7-129A-4C16-96A1-C79013C78824}.Debug|Any CPU.ActiveCfg = Debug|Any CPU
		{21A308E7-129A-4C16-96A1-C79013C78824}.Debug|Any CPU.Build.0 = Debug|Any CPU
		{21A308E7-129A-4C16-96A1-C79013C78824}.Release|Any CPU.ActiveCfg = Release|Any CPU
		{21A308E7-129A-4C16-96A1-C79013C78824}.Release|Any CPU.Build.0 = Release|Any CPU
		{699A75D9-B94C-4B6B-886D-2D167CA20B6A}.Debug|Any CPU.ActiveCfg = Debug|Any CPU
		{699A75D9-B94C-4B6B-886D-2D167CA20B6A}.Debug|Any CPU.Build.0 = Debug|Any CPU
		{699A75D9-B94C-4B6B-886D-2D167CA20B6A}.Release|Any CPU.ActiveCfg = Release|Any CPU
		{699A75D9-B94C-4B6B-886D-2D167CA20B6A}.Release|Any CPU.Build.0 = Release|Any CPU
		{358C3FAF-A80D-439E-A04F-00B710E62A0B}.Debug|Any CPU.ActiveCfg = Debug|Any CPU
		{358C3FAF-A80D-439E-A04F-00B710E62A0B}.Debug|Any CPU.Build.0 = Debug|Any CPU
		{358C3FAF-A80D-439E-A04F-00B710E62A0B}.Release|Any CPU.ActiveCfg = Release|Any CPU
		{358C3FAF-A80D-439E-A04F-00B710E62A0B}.Release|Any CPU.Build.0 = Release|Any CPU
	EndGlobalSection
EndGlobal
